{
  "lockfileVersion": 1,
  "configVersion": 1,
  "workspaces": {
    "": {
      "name": "zarrita-benchmark",
      "dependencies": {
        "zarrita": "^0.7.1",
      },
    },
  },
  "packages": {
    "@zarrita/storage": ["@zarrita/storage@0.2.0", "", { "dependencies": { "reference-spec-reader": "^0.2.0", "unzipit": "2.0.0" } }, "sha512-855ZXqtnds7spnT8vNvD+MXa3QExP1m2GqShe8yt7uZXHnQLgJHgkpVwFjE1B0KDDRO0ki09hmk6OboTaIfPsQ=="],

    "fflate": ["fflate@0.8.2", "", {}, "sha512-cPJU47OaAoCbg0pBvzsgpTPhmhqI5eJjh/JIu8tPj5q+T7iLvW/JAYUqmE7KOB4R1ZyEhzBaIQpQpardBF5z8A=="],

    "numcodecs": ["numcodecs@0.3.2", "", { "dependencies": { "fflate": "^0.8.0" } }, "sha512-6YSPnmZgg0P87jnNhi3s+FVLOcIn3y+1CTIgUulA3IdASzK9fJM87sUFkpyA+be9GibGRaST2wCgkD+6U+fWKw=="],

    "reference-spec-reader": ["reference-spec-reader@0.2.0", "", {}, "sha512-q0mfCi5yZSSHXpCyxjgQeaORq3tvDsxDyzaadA/5+AbAUwRyRuuTh0aRQuE/vAOt/qzzxidJ5iDeu1cLHaNBlQ=="],

    "unzipit": ["unzipit@2.0.0", "", {}, "sha512-DVeVIWUZCAQPNzm5sB0hpsG1GygTTdBnzNtYYEpInkttx5evkyqRgZi6rTczoySqp8hO5jHVKzrH0f23X8FZLg=="],

    "zarrita": ["zarrita@0.7.1", "", { "dependencies": { "@zarrita/storage": "^0.2.0", "numcodecs": "^0.3.2" } }, "sha512-Nu4liRKJES1kkIjWALXSryglJf2+WJURUxgndklfX+mTBCd0lk4MV797p00lt4NzmU3Bbdbs10uxeN8LWwPyWA=="],
  }
}
